// !$*UTF8*$!
{
	archiveVersion = 1;
	classes = {
	};
	objectVersion = 46;
	objects = {

/* Begin PBXBuildFile section */
		250338E714B898AB000C2D44 /* DamnSocket.m in Sources */ = {isa = PBXBuildFile; fileRef = 250338E614B898AB000C2D44 /* DamnSocket.m */; };
		250338EA14B8C374000C2D44 /* EventHandler.m in Sources */ = {isa = PBXBuildFile; fileRef = 250338E914B8C374000C2D44 /* EventHandler.m */; };
		250338ED14B8DA0F000C2D44 /* Packet.m in Sources */ = {isa = PBXBuildFile; fileRef = 250338EC14B8DA0F000C2D44 /* Packet.m */; };
		25049E3214CA7418002239DD /* Command.m in Sources */ = {isa = PBXBuildFile; fileRef = 25049E3114CA7418002239DD /* Command.m */; };
		250907EA14BA43E0007239E9 /* NSDictionary+User.m in Sources */ = {isa = PBXBuildFile; fileRef = 250907E914BA43E0007239E9 /* NSDictionary+User.m */; };
		250E00CE14C77F6300AE83F7 /* Growl Registration Ticket.growlRegDict in Resources */ = {isa = PBXBuildFile; fileRef = 250E00CC14C77F6300AE83F7 /* Growl Registration Ticket.growlRegDict */; };
		250E00D914C7AA0800AE83F7 /* ChatInputField.m in Sources */ = {isa = PBXBuildFile; fileRef = 250E00D814C7AA0800AE83F7 /* ChatInputField.m */; };
		250E00E214C9A1ED00AE83F7 /* Growl.framework in Frameworks */ = {isa = PBXBuildFile; fileRef = 250E00E114C9A1ED00AE83F7 /* Growl.framework */; };
		250E00E314C9A1FB00AE83F7 /* Growl.framework in CopyFiles */ = {isa = PBXBuildFile; fileRef = 250E00E114C9A1ED00AE83F7 /* Growl.framework */; };
		25123A9714B931A00022446A /* UserManager.m in Sources */ = {isa = PBXBuildFile; fileRef = 25123A9614B931A00022446A /* UserManager.m */; };
		25123A9F14B95C800022446A /* WebKit.framework in Frameworks */ = {isa = PBXBuildFile; fileRef = 25123A9E14B95C800022446A /* WebKit.framework */; };
		25153C4414BF3D2000115F43 /* Preferences.m in Sources */ = {isa = PBXBuildFile; fileRef = 25153C4314BF3D2000115F43 /* Preferences.m */; };
		25153C5114BF3E8000115F43 /* About.xib in Resources */ = {isa = PBXBuildFile; fileRef = 25153C4A14BF3E7F00115F43 /* About.xib */; };
		25153C5214BF3E8000115F43 /* ChatView.xib in Resources */ = {isa = PBXBuildFile; fileRef = 25153C4B14BF3E7F00115F43 /* ChatView.xib */; };
		25153C5314BF3E8000115F43 /* JoinRoom.xib in Resources */ = {isa = PBXBuildFile; fileRef = 25153C4C14BF3E7F00115F43 /* JoinRoom.xib */; };
		25153C5414BF3E8000115F43 /* MainMenu.xib in Resources */ = {isa = PBXBuildFile; fileRef = 25153C4D14BF3E7F00115F43 /* MainMenu.xib */; };
		25153C5614BF3E8000115F43 /* ServerView.xib in Resources */ = {isa = PBXBuildFile; fileRef = 25153C4F14BF3E7F00115F43 /* ServerView.xib */; };
		25153C5714BF3E8000115F43 /* Welcome.xib in Resources */ = {isa = PBXBuildFile; fileRef = 25153C5014BF3E7F00115F43 /* Welcome.xib */; };
		25153C5B14BF3EC700115F43 /* Shell.xib in Resources */ = {isa = PBXBuildFile; fileRef = 25153C5A14BF3EC700115F43 /* Shell.xib */; };
		2519311614AE46DB003A5FBA /* TabButtonCell.m in Sources */ = {isa = PBXBuildFile; fileRef = 2519311514AE46DB003A5FBA /* TabButtonCell.m */; };
		2519BE5514AE21F30029F746 /* Cocoa.framework in Frameworks */ = {isa = PBXBuildFile; fileRef = 2519BE5414AE21F30029F746 /* Cocoa.framework */; };
		2519BE5F14AE21F30029F746 /* InfoPlist.strings in Resources */ = {isa = PBXBuildFile; fileRef = 2519BE5D14AE21F30029F746 /* InfoPlist.strings */; };
		2519BE6114AE21F30029F746 /* main.m in Sources */ = {isa = PBXBuildFile; fileRef = 2519BE6014AE21F30029F746 /* main.m */; };
		2519BE6514AE21F30029F746 /* Credits.rtf in Resources */ = {isa = PBXBuildFile; fileRef = 2519BE6314AE21F30029F746 /* Credits.rtf */; };
		2519BE7314AE21F30029F746 /* SenTestingKit.framework in Frameworks */ = {isa = PBXBuildFile; fileRef = 2519BE7214AE21F30029F746 /* SenTestingKit.framework */; };
		2519BE7414AE21F30029F746 /* Cocoa.framework in Frameworks */ = {isa = PBXBuildFile; fileRef = 2519BE5414AE21F30029F746 /* Cocoa.framework */; };
		2519BE7C14AE21F30029F746 /* InfoPlist.strings in Resources */ = {isa = PBXBuildFile; fileRef = 2519BE7A14AE21F30029F746 /* InfoPlist.strings */; };
		2519BE7E14AE21F30029F746 /* HotdAmnTests.h in Resources */ = {isa = PBXBuildFile; fileRef = 2519BE7D14AE21F30029F746 /* HotdAmnTests.h */; };
		2519BE8014AE21F30029F746 /* HotdAmnTests.m in Sources */ = {isa = PBXBuildFile; fileRef = 2519BE7F14AE21F30029F746 /* HotdAmnTests.m */; };
		2519BE9614AE22D30029F746 /* TabView.m in Sources */ = {isa = PBXBuildFile; fileRef = 2519BE9514AE22D30029F746 /* TabView.m */; };
		2519BE9814AE23040029F746 /* HotDamn.m in Sources */ = {isa = PBXBuildFile; fileRef = 2519BE9714AE23040029F746 /* HotDamn.m */; };
		2519BE9B14AE2C920029F746 /* TabBar.m in Sources */ = {isa = PBXBuildFile; fileRef = 2519BE9A14AE2C920029F746 /* TabBar.m */; };
		252DB61614B7975B0036E0CF /* Token.m in Sources */ = {isa = PBXBuildFile; fileRef = 252DB61514B7975B0036E0CF /* Token.m */; };
		252DB61814B799E00036E0CF /* Security.framework in Frameworks */ = {isa = PBXBuildFile; fileRef = 252DB61714B799E00036E0CF /* Security.framework */; };
		252DB61B14B7B5700036E0CF /* DeviantArtAPI.m in Sources */ = {isa = PBXBuildFile; fileRef = 252DB61A14B7B5700036E0CF /* DeviantArtAPI.m */; };
		252DB61E14B7B72D0036E0CF /* OAuthPrompt.m in Sources */ = {isa = PBXBuildFile; fileRef = 252DB61D14B7B72D0036E0CF /* OAuthPrompt.m */; };
		253B216B14C66E9300146356 /* RegexKitLite.m in Sources */ = {isa = PBXBuildFile; fileRef = 253B216A14C66E9300146356 /* RegexKitLite.m */; };
		253B216E14C66F3D00146356 /* libicucore.dylib in Frameworks */ = {isa = PBXBuildFile; fileRef = 253B216D14C66F3D00146356 /* libicucore.dylib */; };
		253B217114C66F7900146356 /* Tablumps.m in Sources */ = {isa = PBXBuildFile; fileRef = 253B217014C66F7900146356 /* Tablumps.m */; };
		2541CD5214BF69F40065C4C1 /* PrefsAppearance.m in Sources */ = {isa = PBXBuildFile; fileRef = 2541CD5014BF69F40065C4C1 /* PrefsAppearance.m */; };
		2541CD5614BF6A130065C4C1 /* PrefsAppearance.xib in Resources */ = {isa = PBXBuildFile; fileRef = 2541CD5514BF6A120065C4C1 /* PrefsAppearance.xib */; };
		25559A8014BA06AE00B60137 /* OAuthLocalServer.m in Sources */ = {isa = PBXBuildFile; fileRef = 25559A7F14BA06AE00B60137 /* OAuthLocalServer.m */; };
		25559A8714BA1F6E00B60137 /* JSONKit.m in Sources */ = {isa = PBXBuildFile; fileRef = 25559A8614BA1F6E00B60137 /* JSONKit.m */; };
		25559A8D14BA38F900B60137 /* Welcome.m in Sources */ = {isa = PBXBuildFile; fileRef = 25559A8C14BA38F900B60137 /* Welcome.m */; };
		2567C64B14C4990C00A89A91 /* chat_shell.html in Resources */ = {isa = PBXBuildFile; fileRef = 2567C64914C4990C00A89A91 /* chat_shell.html */; };
		2568BE1A14AE9C2900E1C825 /* TabButton.m in Sources */ = {isa = PBXBuildFile; fileRef = 2568BE1914AE9C2900E1C825 /* TabButton.m */; };
		256E7F7914BFB96A000608A1 /* Message.m in Sources */ = {isa = PBXBuildFile; fileRef = 256E7F7814BFB96A000608A1 /* Message.m */; };
		257205A114BA94DD00A24228 /* ServerChat.m in Sources */ = {isa = PBXBuildFile; fileRef = 257205A014BA94DD00A24228 /* ServerChat.m */; };
		2577727F14C0F5190012E657 /* UserListView.m in Sources */ = {isa = PBXBuildFile; fileRef = 2577727E14C0F5190012E657 /* UserListView.m */; };
		257AACFD14CA135700A6F0C4 /* TabCompletion.m in Sources */ = {isa = PBXBuildFile; fileRef = 257AACFC14CA135700A6F0C4 /* TabCompletion.m */; };
		257D933C14B8038600CE636C /* About.m in Sources */ = {isa = PBXBuildFile; fileRef = 257D933B14B8038600CE636C /* About.m */; };
		257FD6E614C13BB300286FAE /* Privclass.m in Sources */ = {isa = PBXBuildFile; fileRef = 257FD6E514C13BB300286FAE /* Privclass.m */; };
		257FD6EC14C13D6600286FAE /* NSMutableDictionary+Privclass.m in Sources */ = {isa = PBXBuildFile; fileRef = 257FD6EB14C13D6600286FAE /* NSMutableDictionary+Privclass.m */; };
		257FD6EF14C1455800286FAE /* Topic.m in Sources */ = {isa = PBXBuildFile; fileRef = 257FD6EE14C1455800286FAE /* Topic.m */; };
		257FD6F114C21A3200286FAE /* PrefsUsers.xib in Resources */ = {isa = PBXBuildFile; fileRef = 257FD6F014C21A3200286FAE /* PrefsUsers.xib */; };
		257FD6F514C21AA400286FAE /* PrefsUsers.m in Sources */ = {isa = PBXBuildFile; fileRef = 257FD6F314C21AA400286FAE /* PrefsUsers.m */; };
		2596C55214BF556700CBEB08 /* PrefsGeneral.m in Sources */ = {isa = PBXBuildFile; fileRef = 2596C55014BF556700CBEB08 /* PrefsGeneral.m */; };
		2596C55514BF577300CBEB08 /* PrefsGeneral.xib in Resources */ = {isa = PBXBuildFile; fileRef = 2596C55414BF577200CBEB08 /* PrefsGeneral.xib */; };
		259EA07E14B53FF800D44466 /* JoinRoom.m in Sources */ = {isa = PBXBuildFile; fileRef = 259EA07D14B53FF700D44466 /* JoinRoom.m */; };
		25AB522C14C35CEC00A3A76C /* check.png in Resources */ = {isa = PBXBuildFile; fileRef = 25AB522A14C35CEC00A3A76C /* check.png */; };
		25C7053B14BA794A004BC131 /* Chat.m in Sources */ = {isa = PBXBuildFile; fileRef = 25C7053914BA794A004BC131 /* Chat.m */; };
		25CCF4C914C3CF7400C75C4B /* ThemeHelper.m in Sources */ = {isa = PBXBuildFile; fileRef = 25CCF4C814C3CF7400C75C4B /* ThemeHelper.m */; };
		25CCF4DE14C3E8D600C75C4B /* Themes in Resources */ = {isa = PBXBuildFile; fileRef = 25CCF4DC14C3E8D600C75C4B /* Themes */; };
		25F20B5D14BFDBBE0019326D /* UserMessage.m in Sources */ = {isa = PBXBuildFile; fileRef = 25F20B5C14BFDBBE0019326D /* UserMessage.m */; };
		25F20B6014BFE5300019326D /* User.m in Sources */ = {isa = PBXBuildFile; fileRef = 25F20B5F14BFE5300019326D /* User.m */; };
		25F20B6314BFE5D90019326D /* AvatarManager.m in Sources */ = {isa = PBXBuildFile; fileRef = 25F20B6214BFE5D90019326D /* AvatarManager.m */; };
		25FECF2414C0E57F0044AF94 /* UserListNode.m in Sources */ = {isa = PBXBuildFile; fileRef = 25FECF2314C0E57F0044AF94 /* UserListNode.m */; };
/* End PBXBuildFile section */

/* Begin PBXContainerItemProxy section */
		2519BE7514AE21F30029F746 /* PBXContainerItemProxy */ = {
			isa = PBXContainerItemProxy;
			containerPortal = 2519BE4714AE21F20029F746 /* Project object */;
			proxyType = 1;
			remoteGlobalIDString = 2519BE4F14AE21F30029F746;
			remoteInfo = HotdAmn;
		};
/* End PBXContainerItemProxy section */

/* Begin PBXCopyFilesBuildPhase section */
		250E00D514C7A38700AE83F7 /* CopyFiles */ = {
			isa = PBXCopyFilesBuildPhase;
			buildActionMask = 2147483647;
			dstPath = "";
			dstSubfolderSpec = 10;
			files = (
				250E00E314C9A1FB00AE83F7 /* Growl.framework in CopyFiles */,
			);
			runOnlyForDeploymentPostprocessing = 0;
		};
/* End PBXCopyFilesBuildPhase section */

/* Begin PBXFileReference section */
		250338E514B898AB000C2D44 /* DamnSocket.h */ = {isa = PBXFileReference; fileEncoding = 4; lastKnownFileType = sourcecode.c.h; name = DamnSocket.h; path = dAmn/DamnSocket.h; sourceTree = "<group>"; };
		250338E614B898AB000C2D44 /* DamnSocket.m */ = {isa = PBXFileReference; fileEncoding = 4; lastKnownFileType = sourcecode.c.objc; name = DamnSocket.m; path = dAmn/DamnSocket.m; sourceTree = "<group>"; };
		250338E814B8C374000C2D44 /* EventHandler.h */ = {isa = PBXFileReference; fileEncoding = 4; lastKnownFileType = sourcecode.c.h; name = EventHandler.h; path = dAmn/EventHandler.h; sourceTree = "<group>"; };
		250338E914B8C374000C2D44 /* EventHandler.m */ = {isa = PBXFileReference; fileEncoding = 4; lastKnownFileType = sourcecode.c.objc; name = EventHandler.m; path = dAmn/EventHandler.m; sourceTree = "<group>"; };
		250338EB14B8DA0F000C2D44 /* Packet.h */ = {isa = PBXFileReference; fileEncoding = 4; lastKnownFileType = sourcecode.c.h; name = Packet.h; path = dAmn/Packet.h; sourceTree = "<group>"; };
		250338EC14B8DA0F000C2D44 /* Packet.m */ = {isa = PBXFileReference; fileEncoding = 4; lastKnownFileType = sourcecode.c.objc; name = Packet.m; path = dAmn/Packet.m; sourceTree = "<group>"; };
		25049E3014CA7418002239DD /* Command.h */ = {isa = PBXFileReference; fileEncoding = 4; lastKnownFileType = sourcecode.c.h; name = Command.h; path = Controllers/Command.h; sourceTree = "<group>"; };
		25049E3114CA7418002239DD /* Command.m */ = {isa = PBXFileReference; fileEncoding = 4; lastKnownFileType = sourcecode.c.objc; name = Command.m; path = Controllers/Command.m; sourceTree = "<group>"; };
		250907E814BA43E0007239E9 /* NSDictionary+User.h */ = {isa = PBXFileReference; fileEncoding = 4; lastKnownFileType = sourcecode.c.h; name = "NSDictionary+User.h"; path = "Users/NSDictionary+User.h"; sourceTree = "<group>"; };
		250907E914BA43E0007239E9 /* NSDictionary+User.m */ = {isa = PBXFileReference; fileEncoding = 4; lastKnownFileType = sourcecode.c.objc; name = "NSDictionary+User.m"; path = "Users/NSDictionary+User.m"; sourceTree = "<group>"; };
		250E00CD14C77F6300AE83F7 /* en */ = {isa = PBXFileReference; lastKnownFileType = text.xml; name = en; path = "HotdAmn/en.lproj/Growl Registration Ticket.growlRegDict"; sourceTree = "<group>"; };
		250E00D714C7AA0800AE83F7 /* ChatInputField.h */ = {isa = PBXFileReference; fileEncoding = 4; lastKnownFileType = sourcecode.c.h; name = ChatInputField.h; path = Views/ChatInputField.h; sourceTree = "<group>"; };
		250E00D814C7AA0800AE83F7 /* ChatInputField.m */ = {isa = PBXFileReference; fileEncoding = 4; lastKnownFileType = sourcecode.c.objc; name = ChatInputField.m; path = Views/ChatInputField.m; sourceTree = "<group>"; };
		250E00E114C9A1ED00AE83F7 /* Growl.framework */ = {isa = PBXFileReference; lastKnownFileType = wrapper.framework; name = Growl.framework; path = HotdAmn/Frameworks/Growl.framework; sourceTree = "<group>"; };
		25123A9514B931A00022446A /* UserManager.h */ = {isa = PBXFileReference; fileEncoding = 4; lastKnownFileType = sourcecode.c.h; name = UserManager.h; path = Users/UserManager.h; sourceTree = "<group>"; };
		25123A9614B931A00022446A /* UserManager.m */ = {isa = PBXFileReference; fileEncoding = 4; lastKnownFileType = sourcecode.c.objc; name = UserManager.m; path = Users/UserManager.m; sourceTree = "<group>"; };
		25123A9E14B95C800022446A /* WebKit.framework */ = {isa = PBXFileReference; lastKnownFileType = wrapper.framework; name = WebKit.framework; path = System/Library/Frameworks/WebKit.framework; sourceTree = SDKROOT; };
		25153C4214BF3D2000115F43 /* Preferences.h */ = {isa = PBXFileReference; fileEncoding = 4; lastKnownFileType = sourcecode.c.h; name = Preferences.h; path = Controllers/Preferences.h; sourceTree = "<group>"; };
		25153C4314BF3D2000115F43 /* Preferences.m */ = {isa = PBXFileReference; fileEncoding = 4; lastKnownFileType = sourcecode.c.objc; name = Preferences.m; path = Controllers/Preferences.m; sourceTree = "<group>"; };
		25153C4A14BF3E7F00115F43 /* About.xib */ = {isa = PBXFileReference; fileEncoding = 4; lastKnownFileType = file.xib; path = About.xib; sourceTree = "<group>"; };
		25153C4B14BF3E7F00115F43 /* ChatView.xib */ = {isa = PBXFileReference; fileEncoding = 4; lastKnownFileType = file.xib; path = ChatView.xib; sourceTree = "<group>"; };
		25153C4C14BF3E7F00115F43 /* JoinRoom.xib */ = {isa = PBXFileReference; fileEncoding = 4; lastKnownFileType = file.xib; path = JoinRoom.xib; sourceTree = "<group>"; };
		25153C4D14BF3E7F00115F43 /* MainMenu.xib */ = {isa = PBXFileReference; fileEncoding = 4; lastKnownFileType = file.xib; path = MainMenu.xib; sourceTree = "<group>"; };
		25153C4F14BF3E7F00115F43 /* ServerView.xib */ = {isa = PBXFileReference; fileEncoding = 4; lastKnownFileType = file.xib; path = ServerView.xib; sourceTree = "<group>"; };
		25153C5014BF3E7F00115F43 /* Welcome.xib */ = {isa = PBXFileReference; fileEncoding = 4; lastKnownFileType = file.xib; path = Welcome.xib; sourceTree = "<group>"; };
		25153C5A14BF3EC700115F43 /* Shell.xib */ = {isa = PBXFileReference; fileEncoding = 4; lastKnownFileType = file.xib; path = Shell.xib; sourceTree = "<group>"; };
		2519311414AE46DB003A5FBA /* TabButtonCell.h */ = {isa = PBXFileReference; fileEncoding = 4; lastKnownFileType = sourcecode.c.h; name = TabButtonCell.h; path = Views/TabButtonCell.h; sourceTree = "<group>"; };
		2519311514AE46DB003A5FBA /* TabButtonCell.m */ = {isa = PBXFileReference; fileEncoding = 4; lastKnownFileType = sourcecode.c.objc; name = TabButtonCell.m; path = Views/TabButtonCell.m; sourceTree = "<group>"; };
		2519BE5014AE21F30029F746 /* HotdAmn.app */ = {isa = PBXFileReference; explicitFileType = wrapper.application; includeInIndex = 0; path = HotdAmn.app; sourceTree = BUILT_PRODUCTS_DIR; };
		2519BE5414AE21F30029F746 /* Cocoa.framework */ = {isa = PBXFileReference; lastKnownFileType = wrapper.framework; name = Cocoa.framework; path = System/Library/Frameworks/Cocoa.framework; sourceTree = SDKROOT; };
		2519BE5714AE21F30029F746 /* AppKit.framework */ = {isa = PBXFileReference; lastKnownFileType = wrapper.framework; name = AppKit.framework; path = System/Library/Frameworks/AppKit.framework; sourceTree = SDKROOT; };
		2519BE5814AE21F30029F746 /* CoreData.framework */ = {isa = PBXFileReference; lastKnownFileType = wrapper.framework; name = CoreData.framework; path = System/Library/Frameworks/CoreData.framework; sourceTree = SDKROOT; };
		2519BE5914AE21F30029F746 /* Foundation.framework */ = {isa = PBXFileReference; lastKnownFileType = wrapper.framework; name = Foundation.framework; path = System/Library/Frameworks/Foundation.framework; sourceTree = SDKROOT; };
		2519BE5C14AE21F30029F746 /* HotdAmn-Info.plist */ = {isa = PBXFileReference; lastKnownFileType = text.plist.xml; path = "HotdAmn-Info.plist"; sourceTree = "<group>"; };
		2519BE5E14AE21F30029F746 /* en */ = {isa = PBXFileReference; lastKnownFileType = text.plist.strings; name = en; path = en.lproj/InfoPlist.strings; sourceTree = "<group>"; };
		2519BE6014AE21F30029F746 /* main.m */ = {isa = PBXFileReference; lastKnownFileType = sourcecode.c.objc; path = main.m; sourceTree = "<group>"; };
		2519BE6214AE21F30029F746 /* HotdAmn-Prefix.pch */ = {isa = PBXFileReference; lastKnownFileType = sourcecode.c.h; path = "HotdAmn-Prefix.pch"; sourceTree = "<group>"; };
		2519BE6414AE21F30029F746 /* en */ = {isa = PBXFileReference; lastKnownFileType = text.rtf; name = en; path = en.lproj/Credits.rtf; sourceTree = "<group>"; };
		2519BE7114AE21F30029F746 /* HotdAmnTests.octest */ = {isa = PBXFileReference; explicitFileType = wrapper.cfbundle; includeInIndex = 0; path = HotdAmnTests.octest; sourceTree = BUILT_PRODUCTS_DIR; };
		2519BE7214AE21F30029F746 /* SenTestingKit.framework */ = {isa = PBXFileReference; lastKnownFileType = wrapper.framework; name = SenTestingKit.framework; path = Library/Frameworks/SenTestingKit.framework; sourceTree = DEVELOPER_DIR; };
		2519BE7914AE21F30029F746 /* HotdAmnTests-Info.plist */ = {isa = PBXFileReference; lastKnownFileType = text.plist.xml; path = "HotdAmnTests-Info.plist"; sourceTree = "<group>"; };
		2519BE7B14AE21F30029F746 /* en */ = {isa = PBXFileReference; lastKnownFileType = text.plist.strings; name = en; path = en.lproj/InfoPlist.strings; sourceTree = "<group>"; };
		2519BE7D14AE21F30029F746 /* HotdAmnTests.h */ = {isa = PBXFileReference; lastKnownFileType = sourcecode.c.h; path = HotdAmnTests.h; sourceTree = "<group>"; };
		2519BE7F14AE21F30029F746 /* HotdAmnTests.m */ = {isa = PBXFileReference; lastKnownFileType = sourcecode.c.objc; path = HotdAmnTests.m; sourceTree = "<group>"; };
		2519BE8E14AE22880029F746 /* HotDamn.h */ = {isa = PBXFileReference; fileEncoding = 4; lastKnownFileType = sourcecode.c.h; name = HotDamn.h; path = Controllers/HotDamn.h; sourceTree = "<group>"; };
		2519BE9414AE22D30029F746 /* TabView.h */ = {isa = PBXFileReference; fileEncoding = 4; lastKnownFileType = sourcecode.c.h; name = TabView.h; path = Views/TabView.h; sourceTree = "<group>"; };
		2519BE9514AE22D30029F746 /* TabView.m */ = {isa = PBXFileReference; fileEncoding = 4; lastKnownFileType = sourcecode.c.objc; name = TabView.m; path = Views/TabView.m; sourceTree = "<group>"; };
		2519BE9714AE23040029F746 /* HotDamn.m */ = {isa = PBXFileReference; fileEncoding = 4; lastKnownFileType = sourcecode.c.objc; name = HotDamn.m; path = Controllers/HotDamn.m; sourceTree = "<group>"; };
		2519BE9914AE2C920029F746 /* TabBar.h */ = {isa = PBXFileReference; fileEncoding = 4; lastKnownFileType = sourcecode.c.h; name = TabBar.h; path = Controllers/TabBar.h; sourceTree = "<group>"; };
		2519BE9A14AE2C920029F746 /* TabBar.m */ = {isa = PBXFileReference; fileEncoding = 4; lastKnownFileType = sourcecode.c.objc; name = TabBar.m; path = Controllers/TabBar.m; sourceTree = "<group>"; };
		252DB61414B7975B0036E0CF /* Token.h */ = {isa = PBXFileReference; fileEncoding = 4; lastKnownFileType = sourcecode.c.h; name = Token.h; path = HotdAmn/OAuth/Token.h; sourceTree = SOURCE_ROOT; };
		252DB61514B7975B0036E0CF /* Token.m */ = {isa = PBXFileReference; fileEncoding = 4; lastKnownFileType = sourcecode.c.objc; name = Token.m; path = HotdAmn/OAuth/Token.m; sourceTree = SOURCE_ROOT; };
		252DB61714B799E00036E0CF /* Security.framework */ = {isa = PBXFileReference; lastKnownFileType = wrapper.framework; name = Security.framework; path = System/Library/Frameworks/Security.framework; sourceTree = SDKROOT; };
		252DB61914B7B5700036E0CF /* DeviantArtAPI.h */ = {isa = PBXFileReference; fileEncoding = 4; lastKnownFileType = sourcecode.c.h; name = DeviantArtAPI.h; path = HotdAmn/OAuth/DeviantArtAPI.h; sourceTree = SOURCE_ROOT; };
		252DB61A14B7B5700036E0CF /* DeviantArtAPI.m */ = {isa = PBXFileReference; fileEncoding = 4; lastKnownFileType = sourcecode.c.objc; name = DeviantArtAPI.m; path = HotdAmn/OAuth/DeviantArtAPI.m; sourceTree = SOURCE_ROOT; };
		252DB61C14B7B72D0036E0CF /* OAuthPrompt.h */ = {isa = PBXFileReference; fileEncoding = 4; lastKnownFileType = sourcecode.c.h; path = OAuthPrompt.h; sourceTree = "<group>"; };
		252DB61D14B7B72D0036E0CF /* OAuthPrompt.m */ = {isa = PBXFileReference; fileEncoding = 4; lastKnownFileType = sourcecode.c.objc; path = OAuthPrompt.m; sourceTree = "<group>"; };
		253B216914C66E9300146356 /* RegexKitLite.h */ = {isa = PBXFileReference; fileEncoding = 4; lastKnownFileType = sourcecode.c.h; name = RegexKitLite.h; path = dAmn/RegexKitLite.h; sourceTree = "<group>"; };
		253B216A14C66E9300146356 /* RegexKitLite.m */ = {isa = PBXFileReference; fileEncoding = 4; lastKnownFileType = sourcecode.c.objc; name = RegexKitLite.m; path = dAmn/RegexKitLite.m; sourceTree = "<group>"; };
		253B216D14C66F3D00146356 /* libicucore.dylib */ = {isa = PBXFileReference; lastKnownFileType = "compiled.mach-o.dylib"; name = libicucore.dylib; path = usr/lib/libicucore.dylib; sourceTree = SDKROOT; };
		253B216F14C66F7800146356 /* Tablumps.h */ = {isa = PBXFileReference; fileEncoding = 4; lastKnownFileType = sourcecode.c.h; name = Tablumps.h; path = dAmn/Tablumps.h; sourceTree = "<group>"; };
		253B217014C66F7900146356 /* Tablumps.m */ = {isa = PBXFileReference; fileEncoding = 4; lastKnownFileType = sourcecode.c.objc; name = Tablumps.m; path = dAmn/Tablumps.m; sourceTree = "<group>"; };
		2541CD4F14BF69F40065C4C1 /* PrefsAppearance.h */ = {isa = PBXFileReference; fileEncoding = 4; lastKnownFileType = sourcecode.c.h; name = PrefsAppearance.h; path = Controllers/Preferences/PrefsAppearance.h; sourceTree = "<group>"; };
		2541CD5014BF69F40065C4C1 /* PrefsAppearance.m */ = {isa = PBXFileReference; fileEncoding = 4; lastKnownFileType = sourcecode.c.objc; name = PrefsAppearance.m; path = Controllers/Preferences/PrefsAppearance.m; sourceTree = "<group>"; };
		2541CD5514BF6A120065C4C1 /* PrefsAppearance.xib */ = {isa = PBXFileReference; fileEncoding = 4; lastKnownFileType = file.xib; path = PrefsAppearance.xib; sourceTree = "<group>"; };
		25559A7E14BA06AE00B60137 /* OAuthLocalServer.h */ = {isa = PBXFileReference; fileEncoding = 4; lastKnownFileType = sourcecode.c.h; name = OAuthLocalServer.h; path = HotdAmn/OAuth/OAuthLocalServer.h; sourceTree = SOURCE_ROOT; };
		25559A7F14BA06AE00B60137 /* OAuthLocalServer.m */ = {isa = PBXFileReference; fileEncoding = 4; lastKnownFileType = sourcecode.c.objc; name = OAuthLocalServer.m; path = HotdAmn/OAuth/OAuthLocalServer.m; sourceTree = SOURCE_ROOT; };
		25559A8514BA1F6E00B60137 /* JSONKit.h */ = {isa = PBXFileReference; fileEncoding = 4; lastKnownFileType = sourcecode.c.h; name = JSONKit.h; path = HotdAmn/OAuth/JSONKit/JSONKit.h; sourceTree = SOURCE_ROOT; };
		25559A8614BA1F6E00B60137 /* JSONKit.m */ = {isa = PBXFileReference; fileEncoding = 4; lastKnownFileType = sourcecode.c.objc; name = JSONKit.m; path = HotdAmn/OAuth/JSONKit/JSONKit.m; sourceTree = SOURCE_ROOT; };
		25559A8B14BA38F900B60137 /* Welcome.h */ = {isa = PBXFileReference; fileEncoding = 4; lastKnownFileType = sourcecode.c.h; name = Welcome.h; path = Controllers/Welcome.h; sourceTree = "<group>"; };
		25559A8C14BA38F900B60137 /* Welcome.m */ = {isa = PBXFileReference; fileEncoding = 4; lastKnownFileType = sourcecode.c.objc; name = Welcome.m; path = Controllers/Welcome.m; sourceTree = "<group>"; };
		2567C64A14C4990C00A89A91 /* en */ = {isa = PBXFileReference; lastKnownFileType = text.html; name = en; path = en.lproj/chat_shell.html; sourceTree = "<group>"; };
		2568BE1814AE9C2900E1C825 /* TabButton.h */ = {isa = PBXFileReference; fileEncoding = 4; lastKnownFileType = sourcecode.c.h; name = TabButton.h; path = Views/TabButton.h; sourceTree = "<group>"; };
		2568BE1914AE9C2900E1C825 /* TabButton.m */ = {isa = PBXFileReference; fileEncoding = 4; lastKnownFileType = sourcecode.c.objc; name = TabButton.m; path = Views/TabButton.m; sourceTree = "<group>"; };
		256E7F7714BFB96A000608A1 /* Message.h */ = {isa = PBXFileReference; fileEncoding = 4; lastKnownFileType = sourcecode.c.h; name = Message.h; path = dAmn/Models/Message.h; sourceTree = "<group>"; };
		256E7F7814BFB96A000608A1 /* Message.m */ = {isa = PBXFileReference; fileEncoding = 4; lastKnownFileType = sourcecode.c.objc; name = Message.m; path = dAmn/Models/Message.m; sourceTree = "<group>"; };
		2572059F14BA94DD00A24228 /* ServerChat.h */ = {isa = PBXFileReference; fileEncoding = 4; lastKnownFileType = sourcecode.c.h; name = ServerChat.h; path = Controllers/ServerChat.h; sourceTree = "<group>"; };
		257205A014BA94DD00A24228 /* ServerChat.m */ = {isa = PBXFileReference; fileEncoding = 4; lastKnownFileType = sourcecode.c.objc; name = ServerChat.m; path = Controllers/ServerChat.m; sourceTree = "<group>"; };
		2577727D14C0F5190012E657 /* UserListView.h */ = {isa = PBXFileReference; fileEncoding = 4; lastKnownFileType = sourcecode.c.h; name = UserListView.h; path = Views/UserListView.h; sourceTree = "<group>"; };
		2577727E14C0F5190012E657 /* UserListView.m */ = {isa = PBXFileReference; fileEncoding = 4; lastKnownFileType = sourcecode.c.objc; name = UserListView.m; path = Views/UserListView.m; sourceTree = "<group>"; };
		257AACFB14CA135700A6F0C4 /* TabCompletion.h */ = {isa = PBXFileReference; fileEncoding = 4; lastKnownFileType = sourcecode.c.h; name = TabCompletion.h; path = Controllers/TabCompletion.h; sourceTree = "<group>"; };
		257AACFC14CA135700A6F0C4 /* TabCompletion.m */ = {isa = PBXFileReference; fileEncoding = 4; lastKnownFileType = sourcecode.c.objc; name = TabCompletion.m; path = Controllers/TabCompletion.m; sourceTree = "<group>"; };
		257D933A14B8038600CE636C /* About.h */ = {isa = PBXFileReference; fileEncoding = 4; lastKnownFileType = sourcecode.c.h; path = About.h; sourceTree = "<group>"; };
		257D933B14B8038600CE636C /* About.m */ = {isa = PBXFileReference; fileEncoding = 4; lastKnownFileType = sourcecode.c.objc; path = About.m; sourceTree = "<group>"; };
		257FD6E414C13BB300286FAE /* Privclass.h */ = {isa = PBXFileReference; fileEncoding = 4; lastKnownFileType = sourcecode.c.h; name = Privclass.h; path = dAmn/Models/Privclass.h; sourceTree = "<group>"; };
		257FD6E514C13BB300286FAE /* Privclass.m */ = {isa = PBXFileReference; fileEncoding = 4; lastKnownFileType = sourcecode.c.objc; name = Privclass.m; path = dAmn/Models/Privclass.m; sourceTree = "<group>"; };
		257FD6EA14C13D6600286FAE /* NSMutableDictionary+Privclass.h */ = {isa = PBXFileReference; fileEncoding = 4; lastKnownFileType = sourcecode.c.h; name = "NSMutableDictionary+Privclass.h"; path = "dAmn/Models/NSMutableDictionary+Privclass.h"; sourceTree = "<group>"; };
		257FD6EB14C13D6600286FAE /* NSMutableDictionary+Privclass.m */ = {isa = PBXFileReference; fileEncoding = 4; lastKnownFileType = sourcecode.c.objc; name = "NSMutableDictionary+Privclass.m"; path = "dAmn/Models/NSMutableDictionary+Privclass.m"; sourceTree = "<group>"; };
		257FD6ED14C1455700286FAE /* Topic.h */ = {isa = PBXFileReference; fileEncoding = 4; lastKnownFileType = sourcecode.c.h; name = Topic.h; path = dAmn/Models/Topic.h; sourceTree = "<group>"; };
		257FD6EE14C1455800286FAE /* Topic.m */ = {isa = PBXFileReference; fileEncoding = 4; lastKnownFileType = sourcecode.c.objc; name = Topic.m; path = dAmn/Models/Topic.m; sourceTree = "<group>"; };
		257FD6F014C21A3200286FAE /* PrefsUsers.xib */ = {isa = PBXFileReference; fileEncoding = 4; lastKnownFileType = file.xib; path = PrefsUsers.xib; sourceTree = "<group>"; };
		257FD6F214C21AA400286FAE /* PrefsUsers.h */ = {isa = PBXFileReference; fileEncoding = 4; lastKnownFileType = sourcecode.c.h; name = PrefsUsers.h; path = Controllers/Preferences/PrefsUsers.h; sourceTree = "<group>"; };
		257FD6F314C21AA400286FAE /* PrefsUsers.m */ = {isa = PBXFileReference; fileEncoding = 4; lastKnownFileType = sourcecode.c.objc; name = PrefsUsers.m; path = Controllers/Preferences/PrefsUsers.m; sourceTree = "<group>"; };
		2596C54F14BF556700CBEB08 /* PrefsGeneral.h */ = {isa = PBXFileReference; fileEncoding = 4; lastKnownFileType = sourcecode.c.h; name = PrefsGeneral.h; path = Controllers/Preferences/PrefsGeneral.h; sourceTree = "<group>"; };
		2596C55014BF556700CBEB08 /* PrefsGeneral.m */ = {isa = PBXFileReference; fileEncoding = 4; lastKnownFileType = sourcecode.c.objc; name = PrefsGeneral.m; path = Controllers/Preferences/PrefsGeneral.m; sourceTree = "<group>"; };
		2596C55414BF577200CBEB08 /* PrefsGeneral.xib */ = {isa = PBXFileReference; fileEncoding = 4; lastKnownFileType = file.xib; path = PrefsGeneral.xib; sourceTree = "<group>"; };
		259EA07C14B53FF700D44466 /* JoinRoom.h */ = {isa = PBXFileReference; fileEncoding = 4; lastKnownFileType = sourcecode.c.h; path = JoinRoom.h; sourceTree = "<group>"; };
		259EA07D14B53FF700D44466 /* JoinRoom.m */ = {isa = PBXFileReference; fileEncoding = 4; lastKnownFileType = sourcecode.c.objc; path = JoinRoom.m; sourceTree = "<group>"; };
		25AB522B14C35CEC00A3A76C /* en */ = {isa = PBXFileReference; lastKnownFileType = image.png; name = en; path = en.lproj/check.png; sourceTree = "<group>"; };
		25C7053814BA794A004BC131 /* Chat.h */ = {isa = PBXFileReference; fileEncoding = 4; lastKnownFileType = sourcecode.c.h; name = Chat.h; path = Controllers/Chat.h; sourceTree = "<group>"; };
		25C7053914BA794A004BC131 /* Chat.m */ = {isa = PBXFileReference; fileEncoding = 4; lastKnownFileType = sourcecode.c.objc; name = Chat.m; path = Controllers/Chat.m; sourceTree = "<group>"; };
		25CCF4C714C3CF7400C75C4B /* ThemeHelper.h */ = {isa = PBXFileReference; fileEncoding = 4; lastKnownFileType = sourcecode.c.h; name = ThemeHelper.h; path = Controllers/ThemeHelper.h; sourceTree = "<group>"; };
		25CCF4C814C3CF7400C75C4B /* ThemeHelper.m */ = {isa = PBXFileReference; fileEncoding = 4; lastKnownFileType = sourcecode.c.objc; name = ThemeHelper.m; path = Controllers/ThemeHelper.m; sourceTree = "<group>"; };
		25CCF4DD14C3E8D600C75C4B /* en */ = {isa = PBXFileReference; lastKnownFileType = folder; name = en; path = HotdAmn/en.lproj/Themes; sourceTree = "<group>"; };
		25F20B5B14BFDBBE0019326D /* UserMessage.h */ = {isa = PBXFileReference; fileEncoding = 4; lastKnownFileType = sourcecode.c.h; name = UserMessage.h; path = dAmn/Models/UserMessage.h; sourceTree = "<group>"; };
		25F20B5C14BFDBBE0019326D /* UserMessage.m */ = {isa = PBXFileReference; fileEncoding = 4; lastKnownFileType = sourcecode.c.objc; name = UserMessage.m; path = dAmn/Models/UserMessage.m; sourceTree = "<group>"; };
		25F20B5E14BFE5300019326D /* User.h */ = {isa = PBXFileReference; fileEncoding = 4; lastKnownFileType = sourcecode.c.h; name = User.h; path = dAmn/Models/User.h; sourceTree = "<group>"; };
		25F20B5F14BFE5300019326D /* User.m */ = {isa = PBXFileReference; fileEncoding = 4; lastKnownFileType = sourcecode.c.objc; name = User.m; path = dAmn/Models/User.m; sourceTree = "<group>"; };
		25F20B6114BFE5D90019326D /* AvatarManager.h */ = {isa = PBXFileReference; fileEncoding = 4; lastKnownFileType = sourcecode.c.h; name = AvatarManager.h; path = dAmn/AvatarManager.h; sourceTree = "<group>"; };
		25F20B6214BFE5D90019326D /* AvatarManager.m */ = {isa = PBXFileReference; fileEncoding = 4; lastKnownFileType = sourcecode.c.objc; name = AvatarManager.m; path = dAmn/AvatarManager.m; sourceTree = "<group>"; };
		25FECF2214C0E57F0044AF94 /* UserListNode.h */ = {isa = PBXFileReference; fileEncoding = 4; lastKnownFileType = sourcecode.c.h; name = UserListNode.h; path = Views/UserListNode.h; sourceTree = "<group>"; };
		25FECF2314C0E57F0044AF94 /* UserListNode.m */ = {isa = PBXFileReference; fileEncoding = 4; lastKnownFileType = sourcecode.c.objc; name = UserListNode.m; path = Views/UserListNode.m; sourceTree = "<group>"; };
/* End PBXFileReference section */

/* Begin PBXFrameworksBuildPhase section */
		2519BE4D14AE21F30029F746 /* Frameworks */ = {
			isa = PBXFrameworksBuildPhase;
			buildActionMask = 2147483647;
			files = (
				250E00E214C9A1ED00AE83F7 /* Growl.framework in Frameworks */,
				253B216E14C66F3D00146356 /* libicucore.dylib in Frameworks */,
				25123A9F14B95C800022446A /* WebKit.framework in Frameworks */,
				252DB61814B799E00036E0CF /* Security.framework in Frameworks */,
				2519BE5514AE21F30029F746 /* Cocoa.framework in Frameworks */,
			);
			runOnlyForDeploymentPostprocessing = 0;
		};
		2519BE6D14AE21F30029F746 /* Frameworks */ = {
			isa = PBXFrameworksBuildPhase;
			buildActionMask = 2147483647;
			files = (
				2519BE7314AE21F30029F746 /* SenTestingKit.framework in Frameworks */,
				2519BE7414AE21F30029F746 /* Cocoa.framework in Frameworks */,
			);
			runOnlyForDeploymentPostprocessing = 0;
		};
/* End PBXFrameworksBuildPhase section */

/* Begin PBXGroup section */
		250338E314B8983E000C2D44 /* dAmn */ = {
			isa = PBXGroup;
			children = (
				25F20B6114BFE5D90019326D /* AvatarManager.h */,
				25F20B6214BFE5D90019326D /* AvatarManager.m */,
				256E7F7514BFB953000608A1 /* Models */,
				250338E514B898AB000C2D44 /* DamnSocket.h */,
				250338E614B898AB000C2D44 /* DamnSocket.m */,
				250338E814B8C374000C2D44 /* EventHandler.h */,
				250338E914B8C374000C2D44 /* EventHandler.m */,
				250338EB14B8DA0F000C2D44 /* Packet.h */,
				250338EC14B8DA0F000C2D44 /* Packet.m */,
				253B216914C66E9300146356 /* RegexKitLite.h */,
				253B216A14C66E9300146356 /* RegexKitLite.m */,
				253B216F14C66F7800146356 /* Tablumps.h */,
				253B217014C66F7900146356 /* Tablumps.m */,
			);
			name = dAmn;
			sourceTree = "<group>";
		};
		25123A9314B9318D0022446A /* Users */ = {
			isa = PBXGroup;
			children = (
				250907E814BA43E0007239E9 /* NSDictionary+User.h */,
				250907E914BA43E0007239E9 /* NSDictionary+User.m */,
				25123A9514B931A00022446A /* UserManager.h */,
				25123A9614B931A00022446A /* UserManager.m */,
			);
			name = Users;
			sourceTree = "<group>";
		};
		25153C4914BF3E7F00115F43 /* Interface */ = {
			isa = PBXGroup;
			children = (
				25153C4A14BF3E7F00115F43 /* About.xib */,
				25153C4B14BF3E7F00115F43 /* ChatView.xib */,
				25153C4C14BF3E7F00115F43 /* JoinRoom.xib */,
				25153C5914BF3EC700115F43 /* Preferences */,
				25153C4D14BF3E7F00115F43 /* MainMenu.xib */,
				25153C4F14BF3E7F00115F43 /* ServerView.xib */,
				25153C5014BF3E7F00115F43 /* Welcome.xib */,
			);
			path = Interface;
			sourceTree = "<group>";
		};
		25153C5914BF3EC700115F43 /* Preferences */ = {
			isa = PBXGroup;
			children = (
				2541CD5514BF6A120065C4C1 /* PrefsAppearance.xib */,
				257FD6F014C21A3200286FAE /* PrefsUsers.xib */,
				2596C55414BF577200CBEB08 /* PrefsGeneral.xib */,
				25153C5A14BF3EC700115F43 /* Shell.xib */,
			);
			path = Preferences;
			sourceTree = "<group>";
		};
		2519BE4514AE21F20029F746 = {
			isa = PBXGroup;
			children = (
				250E00E114C9A1ED00AE83F7 /* Growl.framework */,
				250E00CC14C77F6300AE83F7 /* Growl Registration Ticket.growlRegDict */,
				253B216D14C66F3D00146356 /* libicucore.dylib */,
				25CCF4DC14C3E8D600C75C4B /* Themes */,
				25123A9E14B95C800022446A /* WebKit.framework */,
				252DB61714B799E00036E0CF /* Security.framework */,
				2519BE5A14AE21F30029F746 /* HotdAmn */,
				2519BE7714AE21F30029F746 /* HotdAmnTests */,
				2519BE5314AE21F30029F746 /* Frameworks */,
				2519BE5114AE21F30029F746 /* Products */,
			);
			sourceTree = "<group>";
		};
		2519BE5114AE21F30029F746 /* Products */ = {
			isa = PBXGroup;
			children = (
				2519BE5014AE21F30029F746 /* HotdAmn.app */,
				2519BE7114AE21F30029F746 /* HotdAmnTests.octest */,
			);
			name = Products;
			sourceTree = "<group>";
		};
		2519BE5314AE21F30029F746 /* Frameworks */ = {
			isa = PBXGroup;
			children = (
				2519BE5414AE21F30029F746 /* Cocoa.framework */,
				2519BE7214AE21F30029F746 /* SenTestingKit.framework */,
				2519BE5614AE21F30029F746 /* Other Frameworks */,
			);
			name = Frameworks;
			sourceTree = "<group>";
		};
		2519BE5614AE21F30029F746 /* Other Frameworks */ = {
			isa = PBXGroup;
			children = (
				2519BE5714AE21F30029F746 /* AppKit.framework */,
				2519BE5814AE21F30029F746 /* CoreData.framework */,
				2519BE5914AE21F30029F746 /* Foundation.framework */,
			);
			name = "Other Frameworks";
			sourceTree = "<group>";
		};
		2519BE5A14AE21F30029F746 /* HotdAmn */ = {
			isa = PBXGroup;
			children = (
				25153C4914BF3E7F00115F43 /* Interface */,
				2519BE8A14AE220E0029F746 /* Controllers */,
				250338E314B8983E000C2D44 /* dAmn */,
				259EA07B14B53FF700D44466 /* Dialogs */,
				252DB61214B7968B0036E0CF /* OAuth */,
				25123A9314B9318D0022446A /* Users */,
				2519BE8914AE22040029F746 /* Views */,
				2519BE5B14AE21F30029F746 /* Supporting Files */,
			);
			path = HotdAmn;
			sourceTree = "<group>";
		};
		2519BE5B14AE21F30029F746 /* Supporting Files */ = {
			isa = PBXGroup;
			children = (
				25AB522A14C35CEC00A3A76C /* check.png */,
				2519BE5C14AE21F30029F746 /* HotdAmn-Info.plist */,
				2519BE5D14AE21F30029F746 /* InfoPlist.strings */,
				2519BE6014AE21F30029F746 /* main.m */,
				2519BE6214AE21F30029F746 /* HotdAmn-Prefix.pch */,
				2519BE6314AE21F30029F746 /* Credits.rtf */,
				2567C64914C4990C00A89A91 /* chat_shell.html */,
			);
			name = "Supporting Files";
			sourceTree = "<group>";
		};
		2519BE7714AE21F30029F746 /* HotdAmnTests */ = {
			isa = PBXGroup;
			children = (
				2519BE7D14AE21F30029F746 /* HotdAmnTests.h */,
				2519BE7F14AE21F30029F746 /* HotdAmnTests.m */,
				2519BE7814AE21F30029F746 /* Supporting Files */,
			);
			path = HotdAmnTests;
			sourceTree = "<group>";
		};
		2519BE7814AE21F30029F746 /* Supporting Files */ = {
			isa = PBXGroup;
			children = (
				2519BE7914AE21F30029F746 /* HotdAmnTests-Info.plist */,
				2519BE7A14AE21F30029F746 /* InfoPlist.strings */,
			);
			name = "Supporting Files";
			sourceTree = "<group>";
		};
		2519BE8914AE22040029F746 /* Views */ = {
			isa = PBXGroup;
			children = (
				250E00D714C7AA0800AE83F7 /* ChatInputField.h */,
				250E00D814C7AA0800AE83F7 /* ChatInputField.m */,
				2568BE1814AE9C2900E1C825 /* TabButton.h */,
				2568BE1914AE9C2900E1C825 /* TabButton.m */,
				2519311414AE46DB003A5FBA /* TabButtonCell.h */,
				2519311514AE46DB003A5FBA /* TabButtonCell.m */,
				2519BE9414AE22D30029F746 /* TabView.h */,
				2519BE9514AE22D30029F746 /* TabView.m */,
				25FECF2214C0E57F0044AF94 /* UserListNode.h */,
				25FECF2314C0E57F0044AF94 /* UserListNode.m */,
				2577727D14C0F5190012E657 /* UserListView.h */,
				2577727E14C0F5190012E657 /* UserListView.m */,
			);
			name = Views;
			sourceTree = "<group>";
		};
		2519BE8A14AE220E0029F746 /* Controllers */ = {
			isa = PBXGroup;
			children = (
				25C7053814BA794A004BC131 /* Chat.h */,
				25C7053914BA794A004BC131 /* Chat.m */,
				25049E3014CA7418002239DD /* Command.h */,
				25049E3114CA7418002239DD /* Command.m */,
				2519BE8E14AE22880029F746 /* HotDamn.h */,
				2519BE9714AE23040029F746 /* HotDamn.m */,
				25153C4214BF3D2000115F43 /* Preferences.h */,
				25153C4314BF3D2000115F43 /* Preferences.m */,
				2596C54D14BF554E00CBEB08 /* Preferences */,
				2572059F14BA94DD00A24228 /* ServerChat.h */,
				257205A014BA94DD00A24228 /* ServerChat.m */,
				2519BE9914AE2C920029F746 /* TabBar.h */,
				2519BE9A14AE2C920029F746 /* TabBar.m */,
				257AACFB14CA135700A6F0C4 /* TabCompletion.h */,
				257AACFC14CA135700A6F0C4 /* TabCompletion.m */,
				25CCF4C714C3CF7400C75C4B /* ThemeHelper.h */,
				25CCF4C814C3CF7400C75C4B /* ThemeHelper.m */,
				25559A8B14BA38F900B60137 /* Welcome.h */,
				25559A8C14BA38F900B60137 /* Welcome.m */,
			);
			name = Controllers;
			sourceTree = "<group>";
		};
		252DB61214B7968B0036E0CF /* OAuth */ = {
			isa = PBXGroup;
			children = (
				25559A8414BA1F5B00B60137 /* JSONKit */,
				252DB61914B7B5700036E0CF /* DeviantArtAPI.h */,
				252DB61A14B7B5700036E0CF /* DeviantArtAPI.m */,
				25559A7E14BA06AE00B60137 /* OAuthLocalServer.h */,
				25559A7F14BA06AE00B60137 /* OAuthLocalServer.m */,
				252DB61414B7975B0036E0CF /* Token.h */,
				252DB61514B7975B0036E0CF /* Token.m */,
			);
			name = OAuth;
			path = Dialogs;
			sourceTree = "<group>";
		};
		25559A8414BA1F5B00B60137 /* JSONKit */ = {
			isa = PBXGroup;
			children = (
				25559A8514BA1F6E00B60137 /* JSONKit.h */,
				25559A8614BA1F6E00B60137 /* JSONKit.m */,
			);
			name = JSONKit;
			sourceTree = "<group>";
		};
		256E7F7514BFB953000608A1 /* Models */ = {
			isa = PBXGroup;
			children = (
				256E7F7714BFB96A000608A1 /* Message.h */,
				256E7F7814BFB96A000608A1 /* Message.m */,
				257FD6EA14C13D6600286FAE /* NSMutableDictionary+Privclass.h */,
				257FD6EB14C13D6600286FAE /* NSMutableDictionary+Privclass.m */,
				257FD6E414C13BB300286FAE /* Privclass.h */,
				257FD6E514C13BB300286FAE /* Privclass.m */,
				257FD6ED14C1455700286FAE /* Topic.h */,
				257FD6EE14C1455800286FAE /* Topic.m */,
				25F20B5E14BFE5300019326D /* User.h */,
				25F20B5F14BFE5300019326D /* User.m */,
				25F20B5B14BFDBBE0019326D /* UserMessage.h */,
				25F20B5C14BFDBBE0019326D /* UserMessage.m */,
			);
			name = Models;
			sourceTree = "<group>";
		};
		2596C54D14BF554E00CBEB08 /* Preferences */ = {
			isa = PBXGroup;
			children = (
				2541CD4F14BF69F40065C4C1 /* PrefsAppearance.h */,
				2541CD5014BF69F40065C4C1 /* PrefsAppearance.m */,
				2596C54F14BF556700CBEB08 /* PrefsGeneral.h */,
				2596C55014BF556700CBEB08 /* PrefsGeneral.m */,
				257FD6F214C21AA400286FAE /* PrefsUsers.h */,
				257FD6F314C21AA400286FAE /* PrefsUsers.m */,
			);
			name = Preferences;
			sourceTree = "<group>";
		};
		259EA07B14B53FF700D44466 /* Dialogs */ = {
			isa = PBXGroup;
			children = (
				257D933A14B8038600CE636C /* About.h */,
				257D933B14B8038600CE636C /* About.m */,
				259EA07C14B53FF700D44466 /* JoinRoom.h */,
				259EA07D14B53FF700D44466 /* JoinRoom.m */,
				252DB61C14B7B72D0036E0CF /* OAuthPrompt.h */,
				252DB61D14B7B72D0036E0CF /* OAuthPrompt.m */,
			);
			path = Dialogs;
			sourceTree = "<group>";
		};
/* End PBXGroup section */

/* Begin PBXNativeTarget section */
		2519BE4F14AE21F30029F746 /* HotdAmn */ = {
			isa = PBXNativeTarget;
			buildConfigurationList = 2519BE8314AE21F30029F746 /* Build configuration list for PBXNativeTarget "HotdAmn" */;
			buildPhases = (
				2519BE4C14AE21F30029F746 /* Sources */,
				2519BE4D14AE21F30029F746 /* Frameworks */,
				2519BE4E14AE21F30029F746 /* Resources */,
				250E00D514C7A38700AE83F7 /* CopyFiles */,
			);
			buildRules = (
			);
			dependencies = (
			);
			name = HotdAmn;
			productName = HotdAmn;
			productReference = 2519BE5014AE21F30029F746 /* HotdAmn.app */;
			productType = "com.apple.product-type.application";
		};
		2519BE7014AE21F30029F746 /* HotdAmnTests */ = {
			isa = PBXNativeTarget;
			buildConfigurationList = 2519BE8614AE21F30029F746 /* Build configuration list for PBXNativeTarget "HotdAmnTests" */;
			buildPhases = (
				2519BE6C14AE21F30029F746 /* Sources */,
				2519BE6D14AE21F30029F746 /* Frameworks */,
				2519BE6E14AE21F30029F746 /* Resources */,
				2519BE6F14AE21F30029F746 /* ShellScript */,
			);
			buildRules = (
			);
			dependencies = (
				2519BE7614AE21F30029F746 /* PBXTargetDependency */,
			);
			name = HotdAmnTests;
			productName = HotdAmnTests;
			productReference = 2519BE7114AE21F30029F746 /* HotdAmnTests.octest */;
			productType = "com.apple.product-type.bundle";
		};
/* End PBXNativeTarget section */

/* Begin PBXProject section */
		2519BE4714AE21F20029F746 /* Project object */ = {
			isa = PBXProject;
			buildConfigurationList = 2519BE4A14AE21F20029F746 /* Build configuration list for PBXProject "HotdAmn" */;
			compatibilityVersion = "Xcode 3.2";
			developmentRegion = English;
			hasScannedForEncodings = 0;
			knownRegions = (
				en,
			);
			mainGroup = 2519BE4514AE21F20029F746;
			productRefGroup = 2519BE5114AE21F30029F746 /* Products */;
			projectDirPath = "";
			projectRoot = "";
			targets = (
				2519BE4F14AE21F30029F746 /* HotdAmn */,
				2519BE7014AE21F30029F746 /* HotdAmnTests */,
			);
		};
/* End PBXProject section */

/* Begin PBXResourcesBuildPhase section */
		2519BE4E14AE21F30029F746 /* Resources */ = {
			isa = PBXResourcesBuildPhase;
			buildActionMask = 2147483647;
			files = (
				250E00CE14C77F6300AE83F7 /* Growl Registration Ticket.growlRegDict in Resources */,
				25CCF4DE14C3E8D600C75C4B /* Themes in Resources */,
				2519BE5F14AE21F30029F746 /* InfoPlist.strings in Resources */,
				2519BE6514AE21F30029F746 /* Credits.rtf in Resources */,
				25153C5114BF3E8000115F43 /* About.xib in Resources */,
				25153C5214BF3E8000115F43 /* ChatView.xib in Resources */,
				25153C5314BF3E8000115F43 /* JoinRoom.xib in Resources */,
				25153C5414BF3E8000115F43 /* MainMenu.xib in Resources */,
				25153C5614BF3E8000115F43 /* ServerView.xib in Resources */,
				25153C5714BF3E8000115F43 /* Welcome.xib in Resources */,
				25153C5B14BF3EC700115F43 /* Shell.xib in Resources */,
				2596C55514BF577300CBEB08 /* PrefsGeneral.xib in Resources */,
				2541CD5614BF6A130065C4C1 /* PrefsAppearance.xib in Resources */,
				257FD6F114C21A3200286FAE /* PrefsUsers.xib in Resources */,
				25AB522C14C35CEC00A3A76C /* check.png in Resources */,
				2567C64B14C4990C00A89A91 /* chat_shell.html in Resources */,
			);
			runOnlyForDeploymentPostprocessing = 0;
		};
		2519BE6E14AE21F30029F746 /* Resources */ = {
			isa = PBXResourcesBuildPhase;
			buildActionMask = 2147483647;
			files = (
				2519BE7C14AE21F30029F746 /* InfoPlist.strings in Resources */,
				2519BE7E14AE21F30029F746 /* HotdAmnTests.h in Resources */,
			);
			runOnlyForDeploymentPostprocessing = 0;
		};
/* End PBXResourcesBuildPhase section */

/* Begin PBXShellScriptBuildPhase section */
		2519BE6F14AE21F30029F746 /* ShellScript */ = {
			isa = PBXShellScriptBuildPhase;
			buildActionMask = 2147483647;
			files = (
			);
			inputPaths = (
			);
			outputPaths = (
			);
			runOnlyForDeploymentPostprocessing = 0;
			shellPath = /bin/sh;
			shellScript = "# Run the unit tests in this test bundle.\n\"${SYSTEM_DEVELOPER_DIR}/Tools/RunUnitTests\"\n";
		};
/* End PBXShellScriptBuildPhase section */

/* Begin PBXSourcesBuildPhase section */
		2519BE4C14AE21F30029F746 /* Sources */ = {
			isa = PBXSourcesBuildPhase;
			buildActionMask = 2147483647;
			files = (
				2519BE6114AE21F30029F746 /* main.m in Sources */,
				2519BE9614AE22D30029F746 /* TabView.m in Sources */,
				2519BE9814AE23040029F746 /* HotDamn.m in Sources */,
				2519BE9B14AE2C920029F746 /* TabBar.m in Sources */,
				2519311614AE46DB003A5FBA /* TabButtonCell.m in Sources */,
				2568BE1A14AE9C2900E1C825 /* TabButton.m in Sources */,
				259EA07E14B53FF800D44466 /* JoinRoom.m in Sources */,
				252DB61614B7975B0036E0CF /* Token.m in Sources */,
				252DB61B14B7B5700036E0CF /* DeviantArtAPI.m in Sources */,
				252DB61E14B7B72D0036E0CF /* OAuthPrompt.m in Sources */,
				257D933C14B8038600CE636C /* About.m in Sources */,
				250338E714B898AB000C2D44 /* DamnSocket.m in Sources */,
				250338EA14B8C374000C2D44 /* EventHandler.m in Sources */,
				250338ED14B8DA0F000C2D44 /* Packet.m in Sources */,
				25123A9714B931A00022446A /* UserManager.m in Sources */,
				25559A8014BA06AE00B60137 /* OAuthLocalServer.m in Sources */,
				25559A8714BA1F6E00B60137 /* JSONKit.m in Sources */,
				25559A8D14BA38F900B60137 /* Welcome.m in Sources */,
				250907EA14BA43E0007239E9 /* NSDictionary+User.m in Sources */,
				25C7053B14BA794A004BC131 /* Chat.m in Sources */,
				257205A114BA94DD00A24228 /* ServerChat.m in Sources */,
				25153C4414BF3D2000115F43 /* Preferences.m in Sources */,
				2596C55214BF556700CBEB08 /* PrefsGeneral.m in Sources */,
				2541CD5214BF69F40065C4C1 /* PrefsAppearance.m in Sources */,
				256E7F7914BFB96A000608A1 /* Message.m in Sources */,
				25F20B5D14BFDBBE0019326D /* UserMessage.m in Sources */,
				25F20B6014BFE5300019326D /* User.m in Sources */,
				25F20B6314BFE5D90019326D /* AvatarManager.m in Sources */,
				25FECF2414C0E57F0044AF94 /* UserListNode.m in Sources */,
				2577727F14C0F5190012E657 /* UserListView.m in Sources */,
				257FD6E614C13BB300286FAE /* Privclass.m in Sources */,
				257FD6EC14C13D6600286FAE /* NSMutableDictionary+Privclass.m in Sources */,
				257FD6EF14C1455800286FAE /* Topic.m in Sources */,
				257FD6F514C21AA400286FAE /* PrefsUsers.m in Sources */,
				25CCF4C914C3CF7400C75C4B /* ThemeHelper.m in Sources */,
				253B216B14C66E9300146356 /* RegexKitLite.m in Sources */,
				253B217114C66F7900146356 /* Tablumps.m in Sources */,
				250E00D914C7AA0800AE83F7 /* ChatInputField.m in Sources */,
				257AACFD14CA135700A6F0C4 /* TabCompletion.m in Sources */,
				25049E3214CA7418002239DD /* Command.m in Sources */,
			);
			runOnlyForDeploymentPostprocessing = 0;
		};
		2519BE6C14AE21F30029F746 /* Sources */ = {
			isa = PBXSourcesBuildPhase;
			buildActionMask = 2147483647;
			files = (
				2519BE8014AE21F30029F746 /* HotdAmnTests.m in Sources */,
			);
			runOnlyForDeploymentPostprocessing = 0;
		};
/* End PBXSourcesBuildPhase section */

/* Begin PBXTargetDependency section */
		2519BE7614AE21F30029F746 /* PBXTargetDependency */ = {
			isa = PBXTargetDependency;
			target = 2519BE4F14AE21F30029F746 /* HotdAmn */;
			targetProxy = 2519BE7514AE21F30029F746 /* PBXContainerItemProxy */;
		};
/* End PBXTargetDependency section */

/* Begin PBXVariantGroup section */
		250E00CC14C77F6300AE83F7 /* Growl Registration Ticket.growlRegDict */ = {
			isa = PBXVariantGroup;
			children = (
				250E00CD14C77F6300AE83F7 /* en */,
			);
			name = "Growl Registration Ticket.growlRegDict";
			sourceTree = "<group>";
		};
		2519BE5D14AE21F30029F746 /* InfoPlist.strings */ = {
			isa = PBXVariantGroup;
			children = (
				2519BE5E14AE21F30029F746 /* en */,
			);
			name = InfoPlist.strings;
			sourceTree = "<group>";
		};
		2519BE6314AE21F30029F746 /* Credits.rtf */ = {
			isa = PBXVariantGroup;
			children = (
				2519BE6414AE21F30029F746 /* en */,
			);
			name = Credits.rtf;
			sourceTree = "<group>";
		};
		2519BE7A14AE21F30029F746 /* InfoPlist.strings */ = {
			isa = PBXVariantGroup;
			children = (
				2519BE7B14AE21F30029F746 /* en */,
			);
			name = InfoPlist.strings;
			sourceTree = "<group>";
		};
		2567C64914C4990C00A89A91 /* chat_shell.html */ = {
			isa = PBXVariantGroup;
			children = (
				2567C64A14C4990C00A89A91 /* en */,
			);
			name = chat_shell.html;
			sourceTree = "<group>";
		};
		25AB522A14C35CEC00A3A76C /* check.png */ = {
			isa = PBXVariantGroup;
			children = (
				25AB522B14C35CEC00A3A76C /* en */,
			);
			name = check.png;
			sourceTree = "<group>";
		};
		25CCF4DC14C3E8D600C75C4B /* Themes */ = {
			isa = PBXVariantGroup;
			children = (
				25CCF4DD14C3E8D600C75C4B /* en */,
			);
			name = Themes;
			sourceTree = "<group>";
		};
/* End PBXVariantGroup section */

/* Begin XCBuildConfiguration section */
		2519BE8114AE21F30029F746 /* Debug */ = {
			isa = XCBuildConfiguration;
			buildSettings = {
				ALWAYS_SEARCH_USER_PATHS = NO;
				ARCHS = "$(ARCHS_STANDARD_64_BIT)";
				COPY_PHASE_STRIP = NO;
				GCC_C_LANGUAGE_STANDARD = gnu99;
				GCC_DYNAMIC_NO_PIC = NO;
				GCC_ENABLE_OBJC_EXCEPTIONS = YES;
				GCC_OPTIMIZATION_LEVEL = 0;
				GCC_PREPROCESSOR_DEFINITIONS = (
					"DEBUG=1",
					"$(inherited)",
				);
				GCC_SYMBOLS_PRIVATE_EXTERN = NO;
				GCC_VERSION = com.apple.compilers.llvm.clang.1_0;
				GCC_WARN_64_TO_32_BIT_CONVERSION = YES;
				GCC_WARN_ABOUT_MISSING_PROTOTYPES = YES;
				GCC_WARN_ABOUT_RETURN_TYPE = YES;
				GCC_WARN_UNUSED_VARIABLE = YES;
				MACOSX_DEPLOYMENT_TARGET = 10.7;
				ONLY_ACTIVE_ARCH = YES;
				SDKROOT = macosx;
			};
			name = Debug;
		};
		2519BE8214AE21F30029F746 /* Release */ = {
			isa = XCBuildConfiguration;
			buildSettings = {
				ALWAYS_SEARCH_USER_PATHS = NO;
				ARCHS = "$(ARCHS_STANDARD_64_BIT)";
				COPY_PHASE_STRIP = YES;
				DEBUG_INFORMATION_FORMAT = "dwarf-with-dsym";
				GCC_C_LANGUAGE_STANDARD = gnu99;
				GCC_ENABLE_OBJC_EXCEPTIONS = YES;
				GCC_VERSION = com.apple.compilers.llvm.clang.1_0;
				GCC_WARN_64_TO_32_BIT_CONVERSION = YES;
				GCC_WARN_ABOUT_MISSING_PROTOTYPES = YES;
				GCC_WARN_ABOUT_RETURN_TYPE = YES;
				GCC_WARN_UNUSED_VARIABLE = YES;
				MACOSX_DEPLOYMENT_TARGET = 10.7;
				SDKROOT = macosx;
			};
			name = Release;
		};
		2519BE8414AE21F30029F746 /* Debug */ = {
			isa = XCBuildConfiguration;
			buildSettings = {
				FRAMEWORK_SEARCH_PATHS = (
					"$(inherited)",
					"\"$(SRCROOT)/../../../Downloads/Growl-1.3.1-SDK/Framework\"",
					"\"$(SRCROOT)/../../../Downloads/Growl-1.3.1-SDK/Framework/Legacy\"",
					"\"$(SRCROOT)/../../../Downloads/Growl-1.3-1.1-SDK/Framework\"",
					"\"$(SRCROOT)/HotdAmn/Frameworks\"",
					"\"$(SRCROOT)/../../../Downloads/Growl-1.3-2.1-SDK/Framework\"",
				);
				GCC_PRECOMPILE_PREFIX_HEADER = YES;
				GCC_PREFIX_HEADER = "HotdAmn/HotdAmn-Prefix.pch";
				INFOPLIST_FILE = "HotdAmn/HotdAmn-Info.plist";
				PRODUCT_NAME = "$(TARGET_NAME)";
				WRAPPER_EXTENSION = app;
			};
			name = Debug;
		};
		2519BE8514AE21F30029F746 /* Release */ = {
			isa = XCBuildConfiguration;
			buildSettings = {
				FRAMEWORK_SEARCH_PATHS = (
					"$(inherited)",
					"\"$(SRCROOT)/../../../Downloads/Growl-1.3.1-SDK/Framework\"",
					"\"$(SRCROOT)/../../../Downloads/Growl-1.3.1-SDK/Framework/Legacy\"",
					"\"$(SRCROOT)/../../../Downloads/Growl-1.3-1.1-SDK/Framework\"",
					"\"$(SRCROOT)/HotdAmn/Frameworks\"",
					"\"$(SRCROOT)/../../../Downloads/Growl-1.3-2.1-SDK/Framework\"",
				);
				GCC_PRECOMPILE_PREFIX_HEADER = YES;
				GCC_PREFIX_HEADER = "HotdAmn/HotdAmn-Prefix.pch";
				INFOPLIST_FILE = "HotdAmn/HotdAmn-Info.plist";
				PRODUCT_NAME = "$(TARGET_NAME)";
				WRAPPER_EXTENSION = app;
			};
			name = Release;
		};
		2519BE8714AE21F30029F746 /* Debug */ = {
			isa = XCBuildConfiguration;
			buildSettings = {
				BUNDLE_LOADER = "$(BUILT_PRODUCTS_DIR)/HotdAmn.app/Contents/MacOS/HotdAmn";
				FRAMEWORK_SEARCH_PATHS = "$(DEVELOPER_LIBRARY_DIR)/Frameworks";
				GCC_PRECOMPILE_PREFIX_HEADER = YES;
				GCC_PREFIX_HEADER = "HotdAmn/HotdAmn-Prefix.pch";
				INFOPLIST_FILE = "HotdAmnTests/HotdAmnTests-Info.plist";
				PRODUCT_NAME = "$(TARGET_NAME)";
				TEST_HOST = "$(BUNDLE_LOADER)";
				WRAPPER_EXTENSION = octest;
			};
			name = Debug;
		};
		2519BE8814AE21F30029F746 /* Release */ = {
			isa = XCBuildConfiguration;
			buildSettings = {
				BUNDLE_LOADER = "$(BUILT_PRODUCTS_DIR)/HotdAmn.app/Contents/MacOS/HotdAmn";
				FRAMEWORK_SEARCH_PATHS = "$(DEVELOPER_LIBRARY_DIR)/Frameworks";
				GCC_PRECOMPILE_PREFIX_HEADER = YES;
				GCC_PREFIX_HEADER = "HotdAmn/HotdAmn-Prefix.pch";
				INFOPLIST_FILE = "HotdAmnTests/HotdAmnTests-Info.plist";
				PRODUCT_NAME = "$(TARGET_NAME)";
				TEST_HOST = "$(BUNDLE_LOADER)";
				WRAPPER_EXTENSION = octest;
			};
			name = Release;
		};
/* End XCBuildConfiguration section */

/* Begin XCConfigurationList section */
		2519BE4A14AE21F20029F746 /* Build configuration list for PBXProject "HotdAmn" */ = {
			isa = XCConfigurationList;
			buildConfigurations = (
				2519BE8114AE21F30029F746 /* Debug */,
				2519BE8214AE21F30029F746 /* Release */,
			);
			defaultConfigurationIsVisible = 0;
			defaultConfigurationName = Release;
		};
		2519BE8314AE21F30029F746 /* Build configuration list for PBXNativeTarget "HotdAmn" */ = {
			isa = XCConfigurationList;
			buildConfigurations = (
				2519BE8414AE21F30029F746 /* Debug */,
				2519BE8514AE21F30029F746 /* Release */,
			);
			defaultConfigurationIsVisible = 0;
			defaultConfigurationName = Release;
		};
		2519BE8614AE21F30029F746 /* Build configuration list for PBXNativeTarget "HotdAmnTests" */ = {
			isa = XCConfigurationList;
			buildConfigurations = (
				2519BE8714AE21F30029F746 /* Debug */,
				2519BE8814AE21F30029F746 /* Release */,
			);
			defaultConfigurationIsVisible = 0;
			defaultConfigurationName = Release;
		};
/* End XCConfigurationList section */
	};
	rootObject = 2519BE4714AE21F20029F746 /* Project object */;
}
